
Microsoft Visual Studio Solution File, Format Version 12.00
# Visual Studio Version 16
VisualStudioVersion = 16.0.30611.23
MinimumVisualStudioVersion = 10.0.40219.1
Project("{FAE04EC0-301F-11D3-BF4B-00C04F79EFBC}") = "prosjek", "prosjek\prosjek.csproj", "{F41A7175-9A04-4B9D-8627-4EBE9FF8CA6E}"
EndProject
Global
	GlobalSection(SolutionConfigurationPlatforms) = preSolution
		Debug|Any CPU = Debug|Any CPU
		Release|Any CPU = Release|Any CPU
	EndGlobalSection
	GlobalSection(ProjectConfigurationPlatforms) = postSolution
		{F41A7175-9A04-4B9D-8627-4EBE9FF8CA6E}.Debug|Any CPU.ActiveCfg = Debug|Any CPU
		{F41A7175-9A04-4B9D-8627-4EBE9FF8CA6E}.Debug|Any CPU.Build.0 = Debug|Any CPU
		{F41A7175-9A04-4B9D-8627-4EBE9FF8CA6E}.Release|Any CPU.ActiveCfg = Release|Any CPU
		{F41A7175-9A04-4B9D-8627-4EBE9FF8CA6E}.Release|Any CPU.Build.0 = Release|Any CPU
	EndGlobalSection
	GlobalSection(SolutionProperties) = preSolution
		HideSolutionNode = FALSE
	EndGlobalSection
	GlobalSection(ExtensibilityGlobals) = postSolution
		SolutionGuid = {1C991E15-D119-4932-9D13-1F5E0ACC996C}
	EndGlobalSection
EndGlobal
